// !$*UTF8*$!
{
	archiveVersion = 1;
	classes = {
	};
	objectVersion = 56;
	objects = {

/* Begin PBXBuildFile section */
		1592ABD82A408569006E78A2 /* AppDelegate.swift in Sources */ = {isa = PBXBuildFile; fileRef = 1592ABD72A408569006E78A2 /* AppDelegate.swift */; };
		1592ABDA2A408569006E78A2 /* SceneDelegate.swift in Sources */ = {isa = PBXBuildFile; fileRef = 1592ABD92A408569006E78A2 /* SceneDelegate.swift */; };
		1592ABE12A40856B006E78A2 /* Assets.xcassets in Resources */ = {isa = PBXBuildFile; fileRef = 1592ABE02A40856B006E78A2 /* Assets.xcassets */; };
		1592ABF12A40873A006E78A2 /* SplashVC.swift in Sources */ = {isa = PBXBuildFile; fileRef = 1592ABF02A40873A006E78A2 /* SplashVC.swift */; };
		1592AC062A408CE8006E78A2 /* GoogleService-Info.plist in Resources */ = {isa = PBXBuildFile; fileRef = 1592AC052A408CE7006E78A2 /* GoogleService-Info.plist */; };
		1592AC0A2A408D2F006E78A2 /* Cabin-Bold.ttf in Resources */ = {isa = PBXBuildFile; fileRef = 1592AC092A408D2F006E78A2 /* Cabin-Bold.ttf */; };
		1592AC0C2A408D3C006E78A2 /* Cabin-Medium.ttf in Resources */ = {isa = PBXBuildFile; fileRef = 1592AC0B2A408D3B006E78A2 /* Cabin-Medium.ttf */; };
		1592AC0E2A408D45006E78A2 /* Cabin-SemiBold.ttf in Resources */ = {isa = PBXBuildFile; fileRef = 1592AC0D2A408D45006E78A2 /* Cabin-SemiBold.ttf */; };
		1592AC102A408D61006E78A2 /* Font.swift in Sources */ = {isa = PBXBuildFile; fileRef = 1592AC0F2A408D61006E78A2 /* Font.swift */; };
		1592AC122A408D88006E78A2 /* FontType.swift in Sources */ = {isa = PBXBuildFile; fileRef = 1592AC112A408D88006E78A2 /* FontType.swift */; };
		1592AC152A408EAD006E78A2 /* UIColor+Extension.swift in Sources */ = {isa = PBXBuildFile; fileRef = 1592AC142A408EAD006E78A2 /* UIColor+Extension.swift */; };
		1592AC172A408ED0006E78A2 /* Color.swift in Sources */ = {isa = PBXBuildFile; fileRef = 1592AC162A408ED0006E78A2 /* Color.swift */; };
		1592AC1B2A408FAD006E78A2 /* Localizable(en).strings in Resources */ = {isa = PBXBuildFile; fileRef = 1592AC1D2A408FAD006E78A2 /* Localizable(en).strings */; };
		1592AC202A408FBE006E78A2 /* Localizable(tr).strings in Resources */ = {isa = PBXBuildFile; fileRef = 1592AC222A408FBE006E78A2 /* Localizable(tr).strings */; };
		1592AC272A409044006E78A2 /* String+Localization.swift in Sources */ = {isa = PBXBuildFile; fileRef = 1592AC262A409044006E78A2 /* String+Localization.swift */; };
		1592AC2A2A40938D006E78A2 /* ThreeBallLoading.json in Resources */ = {isa = PBXBuildFile; fileRef = 1592AC292A40938C006E78A2 /* ThreeBallLoading.json */; };
		1592AC352A40A2F6006E78A2 /* BaseViewController.swift in Sources */ = {isa = PBXBuildFile; fileRef = 1592AC342A40A2F6006E78A2 /* BaseViewController.swift */; };
		1592AC3B2A40A336006E78A2 /* ViewModel.swift in Sources */ = {isa = PBXBuildFile; fileRef = 1592AC3A2A40A336006E78A2 /* ViewModel.swift */; };
		1592AC3F2A40A36D006E78A2 /* SplashVM.swift in Sources */ = {isa = PBXBuildFile; fileRef = 1592AC3E2A40A36D006E78A2 /* SplashVM.swift */; };
		1592AC462A40AC33006E78A2 /* UIView+Extension.swift in Sources */ = {isa = PBXBuildFile; fileRef = 1592AC452A40AC33006E78A2 /* UIView+Extension.swift */; };
		1592AC482A40B8BA006E78A2 /* SplashVCState.swift in Sources */ = {isa = PBXBuildFile; fileRef = 1592AC472A40B8BA006E78A2 /* SplashVCState.swift */; };
		1592AC5C2A40F16A006E78A2 /* Lottie in Frameworks */ = {isa = PBXBuildFile; productRef = 1592AC5B2A40F16A006E78A2 /* Lottie */; };
		1592AC5F2A40F1C1006E78A2 /* SnapKit in Frameworks */ = {isa = PBXBuildFile; productRef = 1592AC5E2A40F1C1006E78A2 /* SnapKit */; };
		1592AC652A41B1BD006E78A2 /* FirebaseAnalytics in Frameworks */ = {isa = PBXBuildFile; productRef = 1592AC642A41B1BD006E78A2 /* FirebaseAnalytics */; };
		1592AC672A41B1BD006E78A2 /* FirebaseMessaging in Frameworks */ = {isa = PBXBuildFile; productRef = 1592AC662A41B1BD006E78A2 /* FirebaseMessaging */; };
		1592AC692A41B1BD006E78A2 /* FirebaseRemoteConfig in Frameworks */ = {isa = PBXBuildFile; productRef = 1592AC682A41B1BD006E78A2 /* FirebaseRemoteConfig */; };
		1592AC6C2A430DB6006E78A2 /* RCValues.swift in Sources */ = {isa = PBXBuildFile; fileRef = 1592AC6B2A430DB6006E78A2 /* RCValues.swift */; };
		1592AC6F2A430F9B006E78A2 /* Constants.swift in Sources */ = {isa = PBXBuildFile; fileRef = 1592AC6E2A430F9B006E78A2 /* Constants.swift */; };
		1592AC712A430FB3006E78A2 /* Constants+RCValues.swift in Sources */ = {isa = PBXBuildFile; fileRef = 1592AC702A430FB3006E78A2 /* Constants+RCValues.swift */; };
		1592AC7E2A431327006E78A2 /* NetworkError.swift in Sources */ = {isa = PBXBuildFile; fileRef = 1592AC7D2A431327006E78A2 /* NetworkError.swift */; };
		1592AC802A43132D006E78A2 /* NetworkErrorModel.swift in Sources */ = {isa = PBXBuildFile; fileRef = 1592AC7F2A43132D006E78A2 /* NetworkErrorModel.swift */; };
		1592AC832A4313CD006E78A2 /* OopsConfig.swift in Sources */ = {isa = PBXBuildFile; fileRef = 1592AC822A4313CD006E78A2 /* OopsConfig.swift */; };
		1592AC852A431447006E78A2 /* NetworkHttpType.swift in Sources */ = {isa = PBXBuildFile; fileRef = 1592AC842A431447006E78A2 /* NetworkHttpType.swift */; };
		1592AC872A43145F006E78A2 /* NetworkRequest.swift in Sources */ = {isa = PBXBuildFile; fileRef = 1592AC862A43145F006E78A2 /* NetworkRequest.swift */; };
		1592AC892A4314B0006E78A2 /* NetworkResult.swift in Sources */ = {isa = PBXBuildFile; fileRef = 1592AC882A4314B0006E78A2 /* NetworkResult.swift */; };
		1592AC8C2A43150A006E78A2 /* NetworkServiceConfig.swift in Sources */ = {isa = PBXBuildFile; fileRef = 1592AC8B2A43150A006E78A2 /* NetworkServiceConfig.swift */; };
		1592AC8E2A431579006E78A2 /* NetworkService.swift in Sources */ = {isa = PBXBuildFile; fileRef = 1592AC8D2A431579006E78A2 /* NetworkService.swift */; };
		1592AC902A4315BF006E78A2 /* NetworkService+Movies.swift in Sources */ = {isa = PBXBuildFile; fileRef = 1592AC8F2A4315BF006E78A2 /* NetworkService+Movies.swift */; };
		1592AC932A4337BD006E78A2 /* NetworkManagerProtocol.swift in Sources */ = {isa = PBXBuildFile; fileRef = 1592AC922A4337BD006E78A2 /* NetworkManagerProtocol.swift */; };
		1592AC952A4337C5006E78A2 /* NetworkManager.swift in Sources */ = {isa = PBXBuildFile; fileRef = 1592AC942A4337C4006E78A2 /* NetworkManager.swift */; };
		1592AC9D2A43AA04006E78A2 /* MoviesVM.swift in Sources */ = {isa = PBXBuildFile; fileRef = 1592AC9C2A43AA04006E78A2 /* MoviesVM.swift */; };
		1592AC9F2A43AA22006E78A2 /* MoviesVC.swift in Sources */ = {isa = PBXBuildFile; fileRef = 1592AC9E2A43AA22006E78A2 /* MoviesVC.swift */; };
		1592ACA22A43AED4006E78A2 /* MoviesResponse.swift in Sources */ = {isa = PBXBuildFile; fileRef = 1592ACA12A43AED4006E78A2 /* MoviesResponse.swift */; };
		1592ACA42A43AFD1006E78A2 /* Movie.swift in Sources */ = {isa = PBXBuildFile; fileRef = 1592ACA32A43AFD1006E78A2 /* Movie.swift */; };
		1592ACA62A43AFE5006E78A2 /* Rating.swift in Sources */ = {isa = PBXBuildFile; fileRef = 1592ACA52A43AFE5006E78A2 /* Rating.swift */; };
		1592ACA92A43B7C2006E78A2 /* MoviesRepository.swift in Sources */ = {isa = PBXBuildFile; fileRef = 1592ACA82A43B7C2006E78A2 /* MoviesRepository.swift */; };
		1592ACAB2A43B810006E78A2 /* MoviesRepositoryImpl.swift in Sources */ = {isa = PBXBuildFile; fileRef = 1592ACAA2A43B810006E78A2 /* MoviesRepositoryImpl.swift */; };
		15AAF13A2A474D3B00319F9D /* ViewController.swift in Sources */ = {isa = PBXBuildFile; fileRef = 15AAF1392A474D3B00319F9D /* ViewController.swift */; };
		15AAF13C2A47527500319F9D /* MoviesVCState.swift in Sources */ = {isa = PBXBuildFile; fileRef = 15AAF13B2A47527500319F9D /* MoviesVCState.swift */; };
		15AAF13E2A4757ED00319F9D /* UICollectionView+Extension.swift in Sources */ = {isa = PBXBuildFile; fileRef = 15AAF13D2A4757ED00319F9D /* UICollectionView+Extension.swift */; };
		15AAF1422A47593900319F9D /* MovieCollectionViewCell.swift in Sources */ = {isa = PBXBuildFile; fileRef = 15AAF1412A47593900319F9D /* MovieCollectionViewCell.swift */; };
		15AAF1442A475C8500319F9D /* ImageLoader.swift in Sources */ = {isa = PBXBuildFile; fileRef = 15AAF1432A475C8500319F9D /* ImageLoader.swift */; };
		15AAF1462A475CEE00319F9D /* UIImageView+Extension.swift in Sources */ = {isa = PBXBuildFile; fileRef = 15AAF1452A475CEE00319F9D /* UIImageView+Extension.swift */; };
		15AAF1482A475D8900319F9D /* Collection+Extension.swift in Sources */ = {isa = PBXBuildFile; fileRef = 15AAF1472A475D8900319F9D /* Collection+Extension.swift */; };
/* End PBXBuildFile section */

/* Begin PBXFileReference section */
		1592ABD42A408569006E78A2 /* Loodos-Movie.app */ = {isa = PBXFileReference; explicitFileType = wrapper.application; includeInIndex = 0; path = "Loodos-Movie.app"; sourceTree = BUILT_PRODUCTS_DIR; };
		1592ABD72A408569006E78A2 /* AppDelegate.swift */ = {isa = PBXFileReference; lastKnownFileType = sourcecode.swift; path = AppDelegate.swift; sourceTree = "<group>"; };
		1592ABD92A408569006E78A2 /* SceneDelegate.swift */ = {isa = PBXFileReference; lastKnownFileType = sourcecode.swift; path = SceneDelegate.swift; sourceTree = "<group>"; };
		1592ABE02A40856B006E78A2 /* Assets.xcassets */ = {isa = PBXFileReference; lastKnownFileType = folder.assetcatalog; path = Assets.xcassets; sourceTree = "<group>"; };
		1592ABE52A40856B006E78A2 /* Info.plist */ = {isa = PBXFileReference; lastKnownFileType = text.plist.xml; path = Info.plist; sourceTree = "<group>"; };
		1592ABF02A40873A006E78A2 /* SplashVC.swift */ = {isa = PBXFileReference; lastKnownFileType = sourcecode.swift; path = SplashVC.swift; sourceTree = "<group>"; };
		1592AC052A408CE7006E78A2 /* GoogleService-Info.plist */ = {isa = PBXFileReference; fileEncoding = 4; lastKnownFileType = text.plist.xml; path = "GoogleService-Info.plist"; sourceTree = "<group>"; };
		1592AC092A408D2F006E78A2 /* Cabin-Bold.ttf */ = {isa = PBXFileReference; lastKnownFileType = file; path = "Cabin-Bold.ttf"; sourceTree = "<group>"; };
		1592AC0B2A408D3B006E78A2 /* Cabin-Medium.ttf */ = {isa = PBXFileReference; lastKnownFileType = file; path = "Cabin-Medium.ttf"; sourceTree = "<group>"; };
		1592AC0D2A408D45006E78A2 /* Cabin-SemiBold.ttf */ = {isa = PBXFileReference; lastKnownFileType = file; path = "Cabin-SemiBold.ttf"; sourceTree = "<group>"; };
		1592AC0F2A408D61006E78A2 /* Font.swift */ = {isa = PBXFileReference; lastKnownFileType = sourcecode.swift; path = Font.swift; sourceTree = "<group>"; };
		1592AC112A408D88006E78A2 /* FontType.swift */ = {isa = PBXFileReference; lastKnownFileType = sourcecode.swift; path = FontType.swift; sourceTree = "<group>"; };
		1592AC142A408EAD006E78A2 /* UIColor+Extension.swift */ = {isa = PBXFileReference; lastKnownFileType = sourcecode.swift; path = "UIColor+Extension.swift"; sourceTree = "<group>"; };
		1592AC162A408ED0006E78A2 /* Color.swift */ = {isa = PBXFileReference; lastKnownFileType = sourcecode.swift; path = Color.swift; sourceTree = "<group>"; };
		1592AC1C2A408FAD006E78A2 /* en */ = {isa = PBXFileReference; lastKnownFileType = text.plist.strings; name = en; path = "en.lproj/Localizable(en).strings"; sourceTree = "<group>"; };
		1592AC212A408FBE006E78A2 /* tr */ = {isa = PBXFileReference; lastKnownFileType = text.plist.strings; name = tr; path = "tr.lproj/Localizable(tr).strings"; sourceTree = "<group>"; };
		1592AC262A409044006E78A2 /* String+Localization.swift */ = {isa = PBXFileReference; lastKnownFileType = sourcecode.swift; path = "String+Localization.swift"; sourceTree = "<group>"; };
		1592AC292A40938C006E78A2 /* ThreeBallLoading.json */ = {isa = PBXFileReference; fileEncoding = 4; lastKnownFileType = text.json; path = ThreeBallLoading.json; sourceTree = "<group>"; };
		1592AC342A40A2F6006E78A2 /* BaseViewController.swift */ = {isa = PBXFileReference; lastKnownFileType = sourcecode.swift; path = BaseViewController.swift; sourceTree = "<group>"; };
		1592AC3A2A40A336006E78A2 /* ViewModel.swift */ = {isa = PBXFileReference; lastKnownFileType = sourcecode.swift; path = ViewModel.swift; sourceTree = "<group>"; };
		1592AC3E2A40A36D006E78A2 /* SplashVM.swift */ = {isa = PBXFileReference; lastKnownFileType = sourcecode.swift; path = SplashVM.swift; sourceTree = "<group>"; };
		1592AC452A40AC33006E78A2 /* UIView+Extension.swift */ = {isa = PBXFileReference; lastKnownFileType = sourcecode.swift; path = "UIView+Extension.swift"; sourceTree = "<group>"; };
		1592AC472A40B8BA006E78A2 /* SplashVCState.swift */ = {isa = PBXFileReference; lastKnownFileType = sourcecode.swift; path = SplashVCState.swift; sourceTree = "<group>"; };
		1592AC6B2A430DB6006E78A2 /* RCValues.swift */ = {isa = PBXFileReference; lastKnownFileType = sourcecode.swift; path = RCValues.swift; sourceTree = "<group>"; };
		1592AC6E2A430F9B006E78A2 /* Constants.swift */ = {isa = PBXFileReference; lastKnownFileType = sourcecode.swift; path = Constants.swift; sourceTree = "<group>"; };
		1592AC702A430FB3006E78A2 /* Constants+RCValues.swift */ = {isa = PBXFileReference; lastKnownFileType = sourcecode.swift; path = "Constants+RCValues.swift"; sourceTree = "<group>"; };
		1592AC7D2A431327006E78A2 /* NetworkError.swift */ = {isa = PBXFileReference; lastKnownFileType = sourcecode.swift; path = NetworkError.swift; sourceTree = "<group>"; };
		1592AC7F2A43132D006E78A2 /* NetworkErrorModel.swift */ = {isa = PBXFileReference; lastKnownFileType = sourcecode.swift; path = NetworkErrorModel.swift; sourceTree = "<group>"; };
		1592AC822A4313CD006E78A2 /* OopsConfig.swift */ = {isa = PBXFileReference; lastKnownFileType = sourcecode.swift; path = OopsConfig.swift; sourceTree = "<group>"; };
		1592AC842A431447006E78A2 /* NetworkHttpType.swift */ = {isa = PBXFileReference; lastKnownFileType = sourcecode.swift; path = NetworkHttpType.swift; sourceTree = "<group>"; };
		1592AC862A43145F006E78A2 /* NetworkRequest.swift */ = {isa = PBXFileReference; lastKnownFileType = sourcecode.swift; path = NetworkRequest.swift; sourceTree = "<group>"; };
		1592AC882A4314B0006E78A2 /* NetworkResult.swift */ = {isa = PBXFileReference; lastKnownFileType = sourcecode.swift; path = NetworkResult.swift; sourceTree = "<group>"; };
		1592AC8B2A43150A006E78A2 /* NetworkServiceConfig.swift */ = {isa = PBXFileReference; lastKnownFileType = sourcecode.swift; path = NetworkServiceConfig.swift; sourceTree = "<group>"; };
		1592AC8D2A431579006E78A2 /* NetworkService.swift */ = {isa = PBXFileReference; lastKnownFileType = sourcecode.swift; path = NetworkService.swift; sourceTree = "<group>"; };
		1592AC8F2A4315BF006E78A2 /* NetworkService+Movies.swift */ = {isa = PBXFileReference; lastKnownFileType = sourcecode.swift; path = "NetworkService+Movies.swift"; sourceTree = "<group>"; };
		1592AC922A4337BD006E78A2 /* NetworkManagerProtocol.swift */ = {isa = PBXFileReference; lastKnownFileType = sourcecode.swift; path = NetworkManagerProtocol.swift; sourceTree = "<group>"; };
		1592AC942A4337C4006E78A2 /* NetworkManager.swift */ = {isa = PBXFileReference; lastKnownFileType = sourcecode.swift; path = NetworkManager.swift; sourceTree = "<group>"; };
		1592AC9C2A43AA04006E78A2 /* MoviesVM.swift */ = {isa = PBXFileReference; lastKnownFileType = sourcecode.swift; path = MoviesVM.swift; sourceTree = "<group>"; };
		1592AC9E2A43AA22006E78A2 /* MoviesVC.swift */ = {isa = PBXFileReference; lastKnownFileType = sourcecode.swift; path = MoviesVC.swift; sourceTree = "<group>"; };
		1592ACA12A43AED4006E78A2 /* MoviesResponse.swift */ = {isa = PBXFileReference; lastKnownFileType = sourcecode.swift; path = MoviesResponse.swift; sourceTree = "<group>"; };
		1592ACA32A43AFD1006E78A2 /* Movie.swift */ = {isa = PBXFileReference; lastKnownFileType = sourcecode.swift; path = Movie.swift; sourceTree = "<group>"; };
		1592ACA52A43AFE5006E78A2 /* Rating.swift */ = {isa = PBXFileReference; lastKnownFileType = sourcecode.swift; path = Rating.swift; sourceTree = "<group>"; };
		1592ACA82A43B7C2006E78A2 /* MoviesRepository.swift */ = {isa = PBXFileReference; lastKnownFileType = sourcecode.swift; path = MoviesRepository.swift; sourceTree = "<group>"; };
		1592ACAA2A43B810006E78A2 /* MoviesRepositoryImpl.swift */ = {isa = PBXFileReference; lastKnownFileType = sourcecode.swift; path = MoviesRepositoryImpl.swift; sourceTree = "<group>"; };
		15AAF1392A474D3B00319F9D /* ViewController.swift */ = {isa = PBXFileReference; lastKnownFileType = sourcecode.swift; path = ViewController.swift; sourceTree = "<group>"; };
		15AAF13B2A47527500319F9D /* MoviesVCState.swift */ = {isa = PBXFileReference; lastKnownFileType = sourcecode.swift; path = MoviesVCState.swift; sourceTree = "<group>"; };
		15AAF13D2A4757ED00319F9D /* UICollectionView+Extension.swift */ = {isa = PBXFileReference; lastKnownFileType = sourcecode.swift; path = "UICollectionView+Extension.swift"; sourceTree = "<group>"; };
		15AAF1412A47593900319F9D /* MovieCollectionViewCell.swift */ = {isa = PBXFileReference; lastKnownFileType = sourcecode.swift; path = MovieCollectionViewCell.swift; sourceTree = "<group>"; };
		15AAF1432A475C8500319F9D /* ImageLoader.swift */ = {isa = PBXFileReference; lastKnownFileType = sourcecode.swift; path = ImageLoader.swift; sourceTree = "<group>"; };
		15AAF1452A475CEE00319F9D /* UIImageView+Extension.swift */ = {isa = PBXFileReference; lastKnownFileType = sourcecode.swift; path = "UIImageView+Extension.swift"; sourceTree = "<group>"; };
		15AAF1472A475D8900319F9D /* Collection+Extension.swift */ = {isa = PBXFileReference; lastKnownFileType = sourcecode.swift; path = "Collection+Extension.swift"; sourceTree = "<group>"; };
/* End PBXFileReference section */

/* Begin PBXFrameworksBuildPhase section */
		1592ABD12A408569006E78A2 /* Frameworks */ = {
			isa = PBXFrameworksBuildPhase;
			buildActionMask = 2147483647;
			files = (
				1592AC5C2A40F16A006E78A2 /* Lottie in Frameworks */,
				1592AC672A41B1BD006E78A2 /* FirebaseMessaging in Frameworks */,
				1592AC692A41B1BD006E78A2 /* FirebaseRemoteConfig in Frameworks */,
				1592AC652A41B1BD006E78A2 /* FirebaseAnalytics in Frameworks */,
				1592AC5F2A40F1C1006E78A2 /* SnapKit in Frameworks */,
			);
			runOnlyForDeploymentPostprocessing = 0;
		};
/* End PBXFrameworksBuildPhase section */

/* Begin PBXGroup section */
		1592ABCB2A408569006E78A2 = {
			isa = PBXGroup;
			children = (
				1592ABD62A408569006E78A2 /* Loodos-Movie */,
				1592ABD52A408569006E78A2 /* Products */,
			);
			sourceTree = "<group>";
		};
		1592ABD52A408569006E78A2 /* Products */ = {
			isa = PBXGroup;
			children = (
				1592ABD42A408569006E78A2 /* Loodos-Movie.app */,
			);
			name = Products;
			sourceTree = "<group>";
		};
		1592ABD62A408569006E78A2 /* Loodos-Movie */ = {
			isa = PBXGroup;
			children = (
				1592AC052A408CE7006E78A2 /* GoogleService-Info.plist */,
				1592AC722A431253006E78A2 /* Network */,
				1592ABED2A408720006E78A2 /* Core */,
				1592ABEC2A408717006E78A2 /* App */,
				1592ABEB2A408709006E78A2 /* Assets */,
				1592ABEE2A408727006E78A2 /* Content */,
				1592ABE52A40856B006E78A2 /* Info.plist */,
			);
			path = "Loodos-Movie";
			sourceTree = "<group>";
		};
		1592ABEB2A408709006E78A2 /* Assets */ = {
			isa = PBXGroup;
			children = (
				1592AC282A409367006E78A2 /* Lottie */,
				1592AC132A408EA2006E78A2 /* Color */,
				1592AC022A408C97006E78A2 /* Font */,
				1592ABE02A40856B006E78A2 /* Assets.xcassets */,
			);
			path = Assets;
			sourceTree = "<group>";
		};
		1592ABEC2A408717006E78A2 /* App */ = {
			isa = PBXGroup;
			children = (
				1592ABD72A408569006E78A2 /* AppDelegate.swift */,
				1592ABD92A408569006E78A2 /* SceneDelegate.swift */,
			);
			path = App;
			sourceTree = "<group>";
		};
		1592ABED2A408720006E78A2 /* Core */ = {
			isa = PBXGroup;
			children = (
				1592AC182A408F12006E78A2 /* Localization */,
				1592AC6D2A430F8F006E78A2 /* Consants */,
				1592AC6A2A430DA9006E78A2 /* Utility */,
				1592AC332A40A2E8006E78A2 /* Arch */,
				1592AC252A409036006E78A2 /* Extensions */,
			);
			path = Core;
			sourceTree = "<group>";
		};
		1592ABEE2A408727006E78A2 /* Content */ = {
			isa = PBXGroup;
			children = (
				1592AC962A43A9C2006E78A2 /* Movies */,
				1592ABEF2A40872E006E78A2 /* Splash */,
			);
			path = Content;
			sourceTree = "<group>";
		};
		1592ABEF2A40872E006E78A2 /* Splash */ = {
			isa = PBXGroup;
			children = (
				1592AC3D2A40A360006E78A2 /* ViewModel */,
				1592AC3C2A40A353006E78A2 /* ViewController */,
			);
			path = Splash;
			sourceTree = "<group>";
		};
		1592AC022A408C97006E78A2 /* Font */ = {
			isa = PBXGroup;
			children = (
				1592AC0F2A408D61006E78A2 /* Font.swift */,
				1592AC032A408CA9006E78A2 /* Fonts */,
			);
			path = Font;
			sourceTree = "<group>";
		};
		1592AC032A408CA9006E78A2 /* Fonts */ = {
			isa = PBXGroup;
			children = (
				1592AC042A408CC6006E78A2 /* Cabin */,
				1592AC112A408D88006E78A2 /* FontType.swift */,
			);
			path = Fonts;
			sourceTree = "<group>";
		};
		1592AC042A408CC6006E78A2 /* Cabin */ = {
			isa = PBXGroup;
			children = (
				1592AC0D2A408D45006E78A2 /* Cabin-SemiBold.ttf */,
				1592AC0B2A408D3B006E78A2 /* Cabin-Medium.ttf */,
				1592AC092A408D2F006E78A2 /* Cabin-Bold.ttf */,
			);
			path = Cabin;
			sourceTree = "<group>";
		};
		1592AC132A408EA2006E78A2 /* Color */ = {
			isa = PBXGroup;
			children = (
				1592AC142A408EAD006E78A2 /* UIColor+Extension.swift */,
				1592AC162A408ED0006E78A2 /* Color.swift */,
			);
			path = Color;
			sourceTree = "<group>";
		};
		1592AC182A408F12006E78A2 /* Localization */ = {
			isa = PBXGroup;
			children = (
				1592AC1D2A408FAD006E78A2 /* Localizable(en).strings */,
				1592AC222A408FBE006E78A2 /* Localizable(tr).strings */,
			);
			path = Localization;
			sourceTree = "<group>";
		};
		1592AC252A409036006E78A2 /* Extensions */ = {
			isa = PBXGroup;
			children = (
				1592AC262A409044006E78A2 /* String+Localization.swift */,
				1592AC452A40AC33006E78A2 /* UIView+Extension.swift */,
				15AAF13D2A4757ED00319F9D /* UICollectionView+Extension.swift */,
				15AAF1452A475CEE00319F9D /* UIImageView+Extension.swift */,
				15AAF1472A475D8900319F9D /* Collection+Extension.swift */,
			);
			path = Extensions;
			sourceTree = "<group>";
		};
		1592AC282A409367006E78A2 /* Lottie */ = {
			isa = PBXGroup;
			children = (
				1592AC292A40938C006E78A2 /* ThreeBallLoading.json */,
			);
			path = Lottie;
			sourceTree = "<group>";
		};
		1592AC332A40A2E8006E78A2 /* Arch */ = {
			isa = PBXGroup;
			children = (
				1592AC392A40A328006E78A2 /* ViewModel */,
				1592AC382A40A31F006E78A2 /* ViewController */,
			);
			path = Arch;
			sourceTree = "<group>";
		};
		1592AC382A40A31F006E78A2 /* ViewController */ = {
			isa = PBXGroup;
			children = (
				1592AC342A40A2F6006E78A2 /* BaseViewController.swift */,
				15AAF1392A474D3B00319F9D /* ViewController.swift */,
			);
			path = ViewController;
			sourceTree = "<group>";
		};
		1592AC392A40A328006E78A2 /* ViewModel */ = {
			isa = PBXGroup;
			children = (
				1592AC3A2A40A336006E78A2 /* ViewModel.swift */,
			);
			path = ViewModel;
			sourceTree = "<group>";
		};
		1592AC3C2A40A353006E78A2 /* ViewController */ = {
			isa = PBXGroup;
			children = (
				1592ABF02A40873A006E78A2 /* SplashVC.swift */,
				1592AC472A40B8BA006E78A2 /* SplashVCState.swift */,
			);
			path = ViewController;
			sourceTree = "<group>";
		};
		1592AC3D2A40A360006E78A2 /* ViewModel */ = {
			isa = PBXGroup;
			children = (
				1592AC3E2A40A36D006E78A2 /* SplashVM.swift */,
			);
			path = ViewModel;
			sourceTree = "<group>";
		};
		1592AC6A2A430DA9006E78A2 /* Utility */ = {
			isa = PBXGroup;
			children = (
				1592AC6B2A430DB6006E78A2 /* RCValues.swift */,
				1592AC822A4313CD006E78A2 /* OopsConfig.swift */,
				15AAF1432A475C8500319F9D /* ImageLoader.swift */,
			);
			path = Utility;
			sourceTree = "<group>";
		};
		1592AC6D2A430F8F006E78A2 /* Consants */ = {
			isa = PBXGroup;
			children = (
				1592AC6E2A430F9B006E78A2 /* Constants.swift */,
				1592AC702A430FB3006E78A2 /* Constants+RCValues.swift */,
			);
			path = Consants;
			sourceTree = "<group>";
		};
		1592AC722A431253006E78A2 /* Network */ = {
			isa = PBXGroup;
			children = (
				1592AC8A2A4314EB006E78A2 /* Service */,
				1592AC7A2A4312BC006E78A2 /* NetworkManager */,
				1592AC792A4312B1006E78A2 /* Basics */,
			);
			path = Network;
			sourceTree = "<group>";
		};
		1592AC792A4312B1006E78A2 /* Basics */ = {
			isa = PBXGroup;
			children = (
				1592AC7C2A43130A006E78A2 /* Error */,
				1592AC842A431447006E78A2 /* NetworkHttpType.swift */,
				1592AC862A43145F006E78A2 /* NetworkRequest.swift */,
			);
			path = Basics;
			sourceTree = "<group>";
		};
		1592AC7A2A4312BC006E78A2 /* NetworkManager */ = {
			isa = PBXGroup;
			children = (
				1592AC922A4337BD006E78A2 /* NetworkManagerProtocol.swift */,
				1592AC942A4337C4006E78A2 /* NetworkManager.swift */,
			);
			path = NetworkManager;
			sourceTree = "<group>";
		};
		1592AC7C2A43130A006E78A2 /* Error */ = {
			isa = PBXGroup;
			children = (
				1592AC7D2A431327006E78A2 /* NetworkError.swift */,
				1592AC7F2A43132D006E78A2 /* NetworkErrorModel.swift */,
				1592AC882A4314B0006E78A2 /* NetworkResult.swift */,
			);
			path = Error;
			sourceTree = "<group>";
		};
		1592AC8A2A4314EB006E78A2 /* Service */ = {
			isa = PBXGroup;
			children = (
				1592AC8B2A43150A006E78A2 /* NetworkServiceConfig.swift */,
				1592AC8D2A431579006E78A2 /* NetworkService.swift */,
				1592AC8F2A4315BF006E78A2 /* NetworkService+Movies.swift */,
			);
			path = Service;
			sourceTree = "<group>";
		};
		1592AC962A43A9C2006E78A2 /* Movies */ = {
			isa = PBXGroup;
			children = (
				15AAF13F2A47592100319F9D /* View */,
				1592ACA72A43B7B5006E78A2 /* Repository */,
				1592ACA02A43AEC9006E78A2 /* Model */,
				1592AC982A43A9DD006E78A2 /* ViewModel */,
			);
			path = Movies;
			sourceTree = "<group>";
		};
		1592AC972A43A9D5006E78A2 /* ViewController */ = {
			isa = PBXGroup;
			children = (
				1592AC9E2A43AA22006E78A2 /* MoviesVC.swift */,
				15AAF13B2A47527500319F9D /* MoviesVCState.swift */,
			);
			path = ViewController;
			sourceTree = "<group>";
		};
		1592AC982A43A9DD006E78A2 /* ViewModel */ = {
			isa = PBXGroup;
			children = (
				1592AC9C2A43AA04006E78A2 /* MoviesVM.swift */,
			);
			path = ViewModel;
			sourceTree = "<group>";
		};
		1592ACA02A43AEC9006E78A2 /* Model */ = {
			isa = PBXGroup;
			children = (
				1592ACA12A43AED4006E78A2 /* MoviesResponse.swift */,
				1592ACA32A43AFD1006E78A2 /* Movie.swift */,
				1592ACA52A43AFE5006E78A2 /* Rating.swift */,
			);
			path = Model;
			sourceTree = "<group>";
		};
		1592ACA72A43B7B5006E78A2 /* Repository */ = {
			isa = PBXGroup;
			children = (
				1592ACA82A43B7C2006E78A2 /* MoviesRepository.swift */,
				1592ACAA2A43B810006E78A2 /* MoviesRepositoryImpl.swift */,
			);
			path = Repository;
			sourceTree = "<group>";
		};
		15AAF13F2A47592100319F9D /* View */ = {
			isa = PBXGroup;
			children = (
				15AAF1402A47592B00319F9D /* CollectionView */,
				1592AC972A43A9D5006E78A2 /* ViewController */,
			);
			path = View;
			sourceTree = "<group>";
		};
		15AAF1402A47592B00319F9D /* CollectionView */ = {
			isa = PBXGroup;
			children = (
				15AAF1412A47593900319F9D /* MovieCollectionViewCell.swift */,
			);
			path = CollectionView;
			sourceTree = "<group>";
		};
/* End PBXGroup section */

/* Begin PBXNativeTarget section */
		1592ABD32A408569006E78A2 /* Loodos-Movie */ = {
			isa = PBXNativeTarget;
			buildConfigurationList = 1592ABE82A40856B006E78A2 /* Build configuration list for PBXNativeTarget "Loodos-Movie" */;
			buildPhases = (
				1592ABD02A408569006E78A2 /* Sources */,
				1592ABD12A408569006E78A2 /* Frameworks */,
				1592ABD22A408569006E78A2 /* Resources */,
			);
			buildRules = (
			);
			dependencies = (
			);
			name = "Loodos-Movie";
			packageProductDependencies = (
				1592AC5B2A40F16A006E78A2 /* Lottie */,
				1592AC5E2A40F1C1006E78A2 /* SnapKit */,
				1592AC642A41B1BD006E78A2 /* FirebaseAnalytics */,
				1592AC662A41B1BD006E78A2 /* FirebaseMessaging */,
				1592AC682A41B1BD006E78A2 /* FirebaseRemoteConfig */,
			);
			productName = "Loodos-Movie";
			productReference = 1592ABD42A408569006E78A2 /* Loodos-Movie.app */;
			productType = "com.apple.product-type.application";
		};
/* End PBXNativeTarget section */

/* Begin PBXProject section */
		1592ABCC2A408569006E78A2 /* Project object */ = {
			isa = PBXProject;
			attributes = {
				BuildIndependentTargetsInParallel = 1;
				LastSwiftUpdateCheck = 1420;
				LastUpgradeCheck = 1420;
				TargetAttributes = {
					1592ABD32A408569006E78A2 = {
						CreatedOnToolsVersion = 14.2;
					};
				};
			};
			buildConfigurationList = 1592ABCF2A408569006E78A2 /* Build configuration list for PBXProject "Loodos-Movie" */;
			compatibilityVersion = "Xcode 14.0";
			developmentRegion = en;
			hasScannedForEncodings = 0;
			knownRegions = (
				en,
				Base,
				tr,
			);
			mainGroup = 1592ABCB2A408569006E78A2;
			packageReferences = (
				1592AC5A2A40F16A006E78A2 /* XCRemoteSwiftPackageReference "lottie-ios" */,
				1592AC5D2A40F1C1006E78A2 /* XCRemoteSwiftPackageReference "SnapKit" */,
				1592AC632A41B1BD006E78A2 /* XCRemoteSwiftPackageReference "firebase-ios-sdk" */,
			);
			productRefGroup = 1592ABD52A408569006E78A2 /* Products */;
			projectDirPath = "";
			projectRoot = "";
			targets = (
				1592ABD32A408569006E78A2 /* Loodos-Movie */,
			);
		};
/* End PBXProject section */

/* Begin PBXResourcesBuildPhase section */
		1592ABD22A408569006E78A2 /* Resources */ = {
			isa = PBXResourcesBuildPhase;
			buildActionMask = 2147483647;
			files = (
				1592ABE12A40856B006E78A2 /* Assets.xcassets in Resources */,
				1592AC1B2A408FAD006E78A2 /* Localizable(en).strings in Resources */,
				1592AC0E2A408D45006E78A2 /* Cabin-SemiBold.ttf in Resources */,
				1592AC202A408FBE006E78A2 /* Localizable(tr).strings in Resources */,
				1592AC0A2A408D2F006E78A2 /* Cabin-Bold.ttf in Resources */,
				1592AC062A408CE8006E78A2 /* GoogleService-Info.plist in Resources */,
				1592AC2A2A40938D006E78A2 /* ThreeBallLoading.json in Resources */,
				1592AC0C2A408D3C006E78A2 /* Cabin-Medium.ttf in Resources */,
			);
			runOnlyForDeploymentPostprocessing = 0;
		};
/* End PBXResourcesBuildPhase section */

/* Begin PBXSourcesBuildPhase section */
		1592ABD02A408569006E78A2 /* Sources */ = {
			isa = PBXSourcesBuildPhase;
			buildActionMask = 2147483647;
			files = (
				15AAF1482A475D8900319F9D /* Collection+Extension.swift in Sources */,
				1592AC462A40AC33006E78A2 /* UIView+Extension.swift in Sources */,
				1592AC102A408D61006E78A2 /* Font.swift in Sources */,
				1592ABF12A40873A006E78A2 /* SplashVC.swift in Sources */,
				1592AC3B2A40A336006E78A2 /* ViewModel.swift in Sources */,
				1592AC9F2A43AA22006E78A2 /* MoviesVC.swift in Sources */,
				1592ACA42A43AFD1006E78A2 /* Movie.swift in Sources */,
				1592AC9D2A43AA04006E78A2 /* MoviesVM.swift in Sources */,
				1592AC8E2A431579006E78A2 /* NetworkService.swift in Sources */,
				1592AC272A409044006E78A2 /* String+Localization.swift in Sources */,
				1592AC852A431447006E78A2 /* NetworkHttpType.swift in Sources */,
				15AAF1462A475CEE00319F9D /* UIImageView+Extension.swift in Sources */,
				1592AC172A408ED0006E78A2 /* Color.swift in Sources */,
				1592AC892A4314B0006E78A2 /* NetworkResult.swift in Sources */,
				1592AC872A43145F006E78A2 /* NetworkRequest.swift in Sources */,
				1592ACAB2A43B810006E78A2 /* MoviesRepositoryImpl.swift in Sources */,
				1592ACA92A43B7C2006E78A2 /* MoviesRepository.swift in Sources */,
				1592AC712A430FB3006E78A2 /* Constants+RCValues.swift in Sources */,
				1592AC802A43132D006E78A2 /* NetworkErrorModel.swift in Sources */,
				1592AC8C2A43150A006E78A2 /* NetworkServiceConfig.swift in Sources */,
				1592AC6F2A430F9B006E78A2 /* Constants.swift in Sources */,
				1592ABD82A408569006E78A2 /* AppDelegate.swift in Sources */,
				1592AC352A40A2F6006E78A2 /* BaseViewController.swift in Sources */,
				1592AC902A4315BF006E78A2 /* NetworkService+Movies.swift in Sources */,
				1592AC122A408D88006E78A2 /* FontType.swift in Sources */,
				1592AC932A4337BD006E78A2 /* NetworkManagerProtocol.swift in Sources */,
				1592ACA22A43AED4006E78A2 /* MoviesResponse.swift in Sources */,
				15AAF13A2A474D3B00319F9D /* ViewController.swift in Sources */,
				1592ABDA2A408569006E78A2 /* SceneDelegate.swift in Sources */,
				1592AC6C2A430DB6006E78A2 /* RCValues.swift in Sources */,
				1592AC152A408EAD006E78A2 /* UIColor+Extension.swift in Sources */,
				1592ACA62A43AFE5006E78A2 /* Rating.swift in Sources */,
				1592AC3F2A40A36D006E78A2 /* SplashVM.swift in Sources */,
				15AAF1422A47593900319F9D /* MovieCollectionViewCell.swift in Sources */,
				15AAF13C2A47527500319F9D /* MoviesVCState.swift in Sources */,
				1592AC952A4337C5006E78A2 /* NetworkManager.swift in Sources */,
				15AAF13E2A4757ED00319F9D /* UICollectionView+Extension.swift in Sources */,
				1592AC7E2A431327006E78A2 /* NetworkError.swift in Sources */,
				1592AC832A4313CD006E78A2 /* OopsConfig.swift in Sources */,
				1592AC482A40B8BA006E78A2 /* SplashVCState.swift in Sources */,
				15AAF1442A475C8500319F9D /* ImageLoader.swift in Sources */,
			);
			runOnlyForDeploymentPostprocessing = 0;
		};
/* End PBXSourcesBuildPhase section */

/* Begin PBXVariantGroup section */
		1592AC1D2A408FAD006E78A2 /* Localizable(en).strings */ = {
			isa = PBXVariantGroup;
			children = (
				1592AC1C2A408FAD006E78A2 /* en */,
			);
			name = "Localizable(en).strings";
			sourceTree = "<group>";
		};
		1592AC222A408FBE006E78A2 /* Localizable(tr).strings */ = {
			isa = PBXVariantGroup;
			children = (
				1592AC212A408FBE006E78A2 /* tr */,
			);
			name = "Localizable(tr).strings";
			sourceTree = "<group>";
		};
/* End PBXVariantGroup section */

/* Begin XCBuildConfiguration section */
		1592ABE62A40856B006E78A2 /* Debug */ = {
			isa = XCBuildConfiguration;
			buildSettings = {
				ALWAYS_SEARCH_USER_PATHS = NO;
				CLANG_ANALYZER_NONNULL = YES;
				CLANG_ANALYZER_NUMBER_OBJECT_CONVERSION = YES_AGGRESSIVE;
				CLANG_CXX_LANGUAGE_STANDARD = "gnu++20";
				CLANG_ENABLE_MODULES = YES;
				CLANG_ENABLE_OBJC_ARC = YES;
				CLANG_ENABLE_OBJC_WEAK = YES;
				CLANG_WARN_BLOCK_CAPTURE_AUTORELEASING = YES;
				CLANG_WARN_BOOL_CONVERSION = YES;
				CLANG_WARN_COMMA = YES;
				CLANG_WARN_CONSTANT_CONVERSION = YES;
				CLANG_WARN_DEPRECATED_OBJC_IMPLEMENTATIONS = YES;
				CLANG_WARN_DIRECT_OBJC_ISA_USAGE = YES_ERROR;
				CLANG_WARN_DOCUMENTATION_COMMENTS = YES;
				CLANG_WARN_EMPTY_BODY = YES;
				CLANG_WARN_ENUM_CONVERSION = YES;
				CLANG_WARN_INFINITE_RECURSION = YES;
				CLANG_WARN_INT_CONVERSION = YES;
				CLANG_WARN_NON_LITERAL_NULL_CONVERSION = YES;
				CLANG_WARN_OBJC_IMPLICIT_RETAIN_SELF = YES;
				CLANG_WARN_OBJC_LITERAL_CONVERSION = YES;
				CLANG_WARN_OBJC_ROOT_CLASS = YES_ERROR;
				CLANG_WARN_QUOTED_INCLUDE_IN_FRAMEWORK_HEADER = YES;
				CLANG_WARN_RANGE_LOOP_ANALYSIS = YES;
				CLANG_WARN_STRICT_PROTOTYPES = YES;
				CLANG_WARN_SUSPICIOUS_MOVE = YES;
				CLANG_WARN_UNGUARDED_AVAILABILITY = YES_AGGRESSIVE;
				CLANG_WARN_UNREACHABLE_CODE = YES;
				CLANG_WARN__DUPLICATE_METHOD_MATCH = YES;
				COPY_PHASE_STRIP = NO;
				DEBUG_INFORMATION_FORMAT = dwarf;
				ENABLE_STRICT_OBJC_MSGSEND = YES;
				ENABLE_TESTABILITY = YES;
				GCC_C_LANGUAGE_STANDARD = gnu11;
				GCC_DYNAMIC_NO_PIC = NO;
				GCC_NO_COMMON_BLOCKS = YES;
				GCC_OPTIMIZATION_LEVEL = 0;
				GCC_PREPROCESSOR_DEFINITIONS = (
					"DEBUG=1",
					"$(inherited)",
				);
				GCC_WARN_64_TO_32_BIT_CONVERSION = YES;
				GCC_WARN_ABOUT_RETURN_TYPE = YES_ERROR;
				GCC_WARN_UNDECLARED_SELECTOR = YES;
				GCC_WARN_UNINITIALIZED_AUTOS = YES_AGGRESSIVE;
				GCC_WARN_UNUSED_FUNCTION = YES;
				GCC_WARN_UNUSED_VARIABLE = YES;
				IPHONEOS_DEPLOYMENT_TARGET = 16.2;
				MTL_ENABLE_DEBUG_INFO = INCLUDE_SOURCE;
				MTL_FAST_MATH = YES;
				ONLY_ACTIVE_ARCH = YES;
				SDKROOT = iphoneos;
				SWIFT_ACTIVE_COMPILATION_CONDITIONS = DEBUG;
				SWIFT_OPTIMIZATION_LEVEL = "-Onone";
			};
			name = Debug;
		};
		1592ABE72A40856B006E78A2 /* Release */ = {
			isa = XCBuildConfiguration;
			buildSettings = {
				ALWAYS_SEARCH_USER_PATHS = NO;
				CLANG_ANALYZER_NONNULL = YES;
				CLANG_ANALYZER_NUMBER_OBJECT_CONVERSION = YES_AGGRESSIVE;
				CLANG_CXX_LANGUAGE_STANDARD = "gnu++20";
				CLANG_ENABLE_MODULES = YES;
				CLANG_ENABLE_OBJC_ARC = YES;
				CLANG_ENABLE_OBJC_WEAK = YES;
				CLANG_WARN_BLOCK_CAPTURE_AUTORELEASING = YES;
				CLANG_WARN_BOOL_CONVERSION = YES;
				CLANG_WARN_COMMA = YES;
				CLANG_WARN_CONSTANT_CONVERSION = YES;
				CLANG_WARN_DEPRECATED_OBJC_IMPLEMENTATIONS = YES;
				CLANG_WARN_DIRECT_OBJC_ISA_USAGE = YES_ERROR;
				CLANG_WARN_DOCUMENTATION_COMMENTS = YES;
				CLANG_WARN_EMPTY_BODY = YES;
				CLANG_WARN_ENUM_CONVERSION = YES;
				CLANG_WARN_INFINITE_RECURSION = YES;
				CLANG_WARN_INT_CONVERSION = YES;
				CLANG_WARN_NON_LITERAL_NULL_CONVERSION = YES;
				CLANG_WARN_OBJC_IMPLICIT_RETAIN_SELF = YES;
				CLANG_WARN_OBJC_LITERAL_CONVERSION = YES;
				CLANG_WARN_OBJC_ROOT_CLASS = YES_ERROR;
				CLANG_WARN_QUOTED_INCLUDE_IN_FRAMEWORK_HEADER = YES;
				CLANG_WARN_RANGE_LOOP_ANALYSIS = YES;
				CLANG_WARN_STRICT_PROTOTYPES = YES;
				CLANG_WARN_SUSPICIOUS_MOVE = YES;
				CLANG_WARN_UNGUARDED_AVAILABILITY = YES_AGGRESSIVE;
				CLANG_WARN_UNREACHABLE_CODE = YES;
				CLANG_WARN__DUPLICATE_METHOD_MATCH = YES;
				COPY_PHASE_STRIP = NO;
				DEBUG_INFORMATION_FORMAT = "dwarf-with-dsym";
				ENABLE_NS_ASSERTIONS = NO;
				ENABLE_STRICT_OBJC_MSGSEND = YES;
				GCC_C_LANGUAGE_STANDARD = gnu11;
				GCC_NO_COMMON_BLOCKS = YES;
				GCC_WARN_64_TO_32_BIT_CONVERSION = YES;
				GCC_WARN_ABOUT_RETURN_TYPE = YES_ERROR;
				GCC_WARN_UNDECLARED_SELECTOR = YES;
				GCC_WARN_UNINITIALIZED_AUTOS = YES_AGGRESSIVE;
				GCC_WARN_UNUSED_FUNCTION = YES;
				GCC_WARN_UNUSED_VARIABLE = YES;
				IPHONEOS_DEPLOYMENT_TARGET = 16.2;
				MTL_ENABLE_DEBUG_INFO = NO;
				MTL_FAST_MATH = YES;
				SDKROOT = iphoneos;
				SWIFT_COMPILATION_MODE = wholemodule;
				SWIFT_OPTIMIZATION_LEVEL = "-O";
				VALIDATE_PRODUCT = YES;
			};
			name = Release;
		};
		1592ABE92A40856B006E78A2 /* Debug */ = {
			isa = XCBuildConfiguration;
			buildSettings = {
				ASSETCATALOG_COMPILER_APPICON_NAME = AppIcon;
				ASSETCATALOG_COMPILER_GLOBAL_ACCENT_COLOR_NAME = AccentColor;
				CODE_SIGN_STYLE = Automatic;
				CURRENT_PROJECT_VERSION = 1;
				DEVELOPMENT_TEAM = 34WTB4U8S7;
				GENERATE_INFOPLIST_FILE = YES;
				INFOPLIST_FILE = "Loodos-Movie/Info.plist";
				INFOPLIST_KEY_UIApplicationSupportsIndirectInputEvents = YES;
				INFOPLIST_KEY_UILaunchStoryboardName = LaunchScreen;
				INFOPLIST_KEY_UISupportedInterfaceOrientations_iPad = "UIInterfaceOrientationPortrait UIInterfaceOrientationPortraitUpsideDown UIInterfaceOrientationLandscapeLeft UIInterfaceOrientationLandscapeRight";
				INFOPLIST_KEY_UISupportedInterfaceOrientations_iPhone = "UIInterfaceOrientationPortrait UIInterfaceOrientationLandscapeLeft UIInterfaceOrientationLandscapeRight";
				IPHONEOS_DEPLOYMENT_TARGET = 15.0;
				LD_RUNPATH_SEARCH_PATHS = (
					"$(inherited)",
					"@executable_path/Frameworks",
				);
				MARKETING_VERSION = 1.0;
				PRODUCT_BUNDLE_IDENTIFIER = "cemaltuysuz.Loodos-Movie";
				PRODUCT_NAME = "$(TARGET_NAME)";
				SWIFT_EMIT_LOC_STRINGS = YES;
				SWIFT_VERSION = 5.0;
				TARGETED_DEVICE_FAMILY = "1,2";
			};
			name = Debug;
		};
		1592ABEA2A40856B006E78A2 /* Release */ = {
			isa = XCBuildConfiguration;
			buildSettings = {
				ASSETCATALOG_COMPILER_APPICON_NAME = AppIcon;
				ASSETCATALOG_COMPILER_GLOBAL_ACCENT_COLOR_NAME = AccentColor;
				CODE_SIGN_STYLE = Automatic;
				CURRENT_PROJECT_VERSION = 1;
				DEVELOPMENT_TEAM = 34WTB4U8S7;
				GENERATE_INFOPLIST_FILE = YES;
				INFOPLIST_FILE = "Loodos-Movie/Info.plist";
				INFOPLIST_KEY_UIApplicationSupportsIndirectInputEvents = YES;
				INFOPLIST_KEY_UILaunchStoryboardName = LaunchScreen;
				INFOPLIST_KEY_UISupportedInterfaceOrientations_iPad = "UIInterfaceOrientationPortrait UIInterfaceOrientationPortraitUpsideDown UIInterfaceOrientationLandscapeLeft UIInterfaceOrientationLandscapeRight";
				INFOPLIST_KEY_UISupportedInterfaceOrientations_iPhone = "UIInterfaceOrientationPortrait UIInterfaceOrientationLandscapeLeft UIInterfaceOrientationLandscapeRight";
				IPHONEOS_DEPLOYMENT_TARGET = 15.0;
				LD_RUNPATH_SEARCH_PATHS = (
					"$(inherited)",
					"@executable_path/Frameworks",
				);
				MARKETING_VERSION = 1.0;
				PRODUCT_BUNDLE_IDENTIFIER = "cemaltuysuz.Loodos-Movie";
				PRODUCT_NAME = "$(TARGET_NAME)";
				SWIFT_EMIT_LOC_STRINGS = YES;
				SWIFT_VERSION = 5.0;
				TARGETED_DEVICE_FAMILY = "1,2";
			};
			name = Release;
		};
/* End XCBuildConfiguration section */

/* Begin XCConfigurationList section */
		1592ABCF2A408569006E78A2 /* Build configuration list for PBXProject "Loodos-Movie" */ = {
			isa = XCConfigurationList;
			buildConfigurations = (
				1592ABE62A40856B006E78A2 /* Debug */,
				1592ABE72A40856B006E78A2 /* Release */,
			);
			defaultConfigurationIsVisible = 0;
			defaultConfigurationName = Release;
		};
		1592ABE82A40856B006E78A2 /* Build configuration list for PBXNativeTarget "Loodos-Movie" */ = {
			isa = XCConfigurationList;
			buildConfigurations = (
				1592ABE92A40856B006E78A2 /* Debug */,
				1592ABEA2A40856B006E78A2 /* Release */,
			);
			defaultConfigurationIsVisible = 0;
			defaultConfigurationName = Release;
		};
/* End XCConfigurationList section */

/* Begin XCRemoteSwiftPackageReference section */
		1592AC5A2A40F16A006E78A2 /* XCRemoteSwiftPackageReference "lottie-ios" */ = {
			isa = XCRemoteSwiftPackageReference;
			repositoryURL = "https://github.com/airbnb/lottie-ios.git";
			requirement = {
				kind = upToNextMinorVersion;
				minimumVersion = 4.2.0;
			};
		};
		1592AC5D2A40F1C1006E78A2 /* XCRemoteSwiftPackageReference "SnapKit" */ = {
			isa = XCRemoteSwiftPackageReference;
			repositoryURL = "https://github.com/SnapKit/SnapKit.git";
			requirement = {
				kind = upToNextMajorVersion;
				minimumVersion = 5.0.0;
			};
		};
		1592AC632A41B1BD006E78A2 /* XCRemoteSwiftPackageReference "firebase-ios-sdk" */ = {
			isa = XCRemoteSwiftPackageReference;
			repositoryURL = "https://github.com/firebase/firebase-ios-sdk";
			requirement = {
				kind = upToNextMajorVersion;
				minimumVersion = 9.0.0;
			};
		};
/* End XCRemoteSwiftPackageReference section */

/* Begin XCSwiftPackageProductDependency section */
		1592AC5B2A40F16A006E78A2 /* Lottie */ = {
			isa = XCSwiftPackageProductDependency;
			package = 1592AC5A2A40F16A006E78A2 /* XCRemoteSwiftPackageReference "lottie-ios" */;
			productName = Lottie;
		};
		1592AC5E2A40F1C1006E78A2 /* SnapKit */ = {
			isa = XCSwiftPackageProductDependency;
			package = 1592AC5D2A40F1C1006E78A2 /* XCRemoteSwiftPackageReference "SnapKit" */;
			productName = SnapKit;
		};
		1592AC642A41B1BD006E78A2 /* FirebaseAnalytics */ = {
			isa = XCSwiftPackageProductDependency;
			package = 1592AC632A41B1BD006E78A2 /* XCRemoteSwiftPackageReference "firebase-ios-sdk" */;
			productName = FirebaseAnalytics;
		};
		1592AC662A41B1BD006E78A2 /* FirebaseMessaging */ = {
			isa = XCSwiftPackageProductDependency;
			package = 1592AC632A41B1BD006E78A2 /* XCRemoteSwiftPackageReference "firebase-ios-sdk" */;
			productName = FirebaseMessaging;
		};
		1592AC682A41B1BD006E78A2 /* FirebaseRemoteConfig */ = {
			isa = XCSwiftPackageProductDependency;
			package = 1592AC632A41B1BD006E78A2 /* XCRemoteSwiftPackageReference "firebase-ios-sdk" */;
			productName = FirebaseRemoteConfig;
		};
/* End XCSwiftPackageProductDependency section */
	};
	rootObject = 1592ABCC2A408569006E78A2 /* Project object */;
}
